{
    "version": 3,
    "terraform_version": "0.10.3",
    "serial": 2,
    "lineage": "7cd7fef9-9950-4fb5-aa51-97ec5326bcb0",
    "modules": [
        {
            "path": [
                "root"
            ],
            "outputs": {
                "iam_role_id": {
                    "sensitive": false,
                    "type": "string",
                    "value": "consul-auto-join-instance-role-aws"
                },
                "instance_profile_id": {
                    "sensitive": false,
                    "type": "string",
                    "value": "consul-auto-join-instance-role-aws"
                }
            },
            "resources": {},
            "depends_on": []
        },
        {
            "path": [
                "root",
                "consul_auto_join_instance_role"
            ],
            "outputs": {
                "iam_role_id": {
                    "sensitive": false,
                    "type": "string",
                    "value": "consul-auto-join-instance-role-aws"
                },
                "instance_profile_id": {
                    "sensitive": false,
                    "type": "string",
                    "value": "consul-auto-join-instance-role-aws"
                }
            },
            "resources": {
                "aws_iam_instance_profile.consul": {
                    "type": "aws_iam_instance_profile",
                    "depends_on": [
                        "aws_iam_role.consul"
                    ],
                    "primary": {
                        "id": "consul-auto-join-instance-role-aws",
                        "attributes": {
                            "arn": "arn:aws:iam::362381645759:instance-profile/consul-auto-join-instance-role-aws",
                            "id": "consul-auto-join-instance-role-aws",
                            "name": "consul-auto-join-instance-role-aws",
                            "path": "/",
                            "role": "consul-auto-join-instance-role-aws",
                            "roles.#": "0",
                            "unique_id": "AIPAJWHONMGSC27YJOCLM"
                        },
                        "meta": {},
                        "tainted": false
                    },
                    "deposed": [],
                    "provider": ""
                },
                "aws_iam_role.consul": {
                    "type": "aws_iam_role",
                    "depends_on": [
                        "data.aws_iam_policy_document.assume_role"
                    ],
                    "primary": {
                        "id": "consul-auto-join-instance-role-aws",
                        "attributes": {
                            "arn": "arn:aws:iam::362381645759:role/consul-auto-join-instance-role-aws",
                            "assume_role_policy": "{\"Version\":\"2012-10-17\",\"Statement\":[{\"Sid\":\"\",\"Effect\":\"Allow\",\"Principal\":{\"Service\":\"ec2.amazonaws.com\"},\"Action\":\"sts:AssumeRole\"}]}",
                            "create_date": "2017-10-23T06:40:58Z",
                            "force_detach_policies": "false",
                            "id": "consul-auto-join-instance-role-aws",
                            "name": "consul-auto-join-instance-role-aws",
                            "path": "/",
                            "unique_id": "AROAJEUKXR2ARWXPKTL22"
                        },
                        "meta": {},
                        "tainted": false
                    },
                    "deposed": [],
                    "provider": ""
                },
                "aws_iam_role_policy.consul": {
                    "type": "aws_iam_role_policy",
                    "depends_on": [
                        "aws_iam_role.consul",
                        "data.aws_iam_policy_document.consul"
                    ],
                    "primary": {
                        "id": "consul-auto-join-instance-role-aws:SelfAssembly",
                        "attributes": {
                            "id": "consul-auto-join-instance-role-aws:SelfAssembly",
                            "name": "SelfAssembly",
                            "policy": "{\n  \"Version\": \"2012-10-17\",\n  \"Statement\": [\n    {\n      \"Sid\": \"AllowSelfAssembly\",\n      \"Effect\": \"Allow\",\n      \"Action\": [\n        \"ec2:DescribeTags\",\n        \"ec2:DescribeInstances\",\n        \"ec2:DescribeInstanceStatus\",\n        \"ec2:DescribeInstanceAttribute\",\n        \"ec2:DescribeAvailabilityZones\",\n        \"autoscaling:DescribeAutoScalingInstances\",\n        \"autoscaling:DescribeAutoScalingGroups\"\n      ],\n      \"Resource\": \"*\"\n    }\n  ]\n}",
                            "role": "consul-auto-join-instance-role-aws"
                        },
                        "meta": {},
                        "tainted": false
                    },
                    "deposed": [],
                    "provider": ""
                },
                "data.aws_iam_policy_document.assume_role": {
                    "type": "aws_iam_policy_document",
                    "depends_on": [],
                    "primary": {
                        "id": "1903849331",
                        "attributes": {
                            "id": "1903849331",
                            "json": "{\n  \"Version\": \"2012-10-17\",\n  \"Statement\": [\n    {\n      \"Sid\": \"\",\n      \"Effect\": \"Allow\",\n      \"Action\": \"sts:AssumeRole\",\n      \"Principal\": {\n        \"Service\": \"ec2.amazonaws.com\"\n      }\n    }\n  ]\n}",
                            "statement.#": "1",
                            "statement.0.actions.#": "1",
                            "statement.0.actions.2528466339": "sts:AssumeRole",
                            "statement.0.condition.#": "0",
                            "statement.0.effect": "Allow",
                            "statement.0.not_actions.#": "0",
                            "statement.0.not_principals.#": "0",
                            "statement.0.not_resources.#": "0",
                            "statement.0.principals.#": "1",
                            "statement.0.principals.1134724139.identifiers.#": "1",
                            "statement.0.principals.1134724139.identifiers.3655884555": "ec2.amazonaws.com",
                            "statement.0.principals.1134724139.type": "Service",
                            "statement.0.resources.#": "0",
                            "statement.0.sid": ""
                        },
                        "meta": {},
                        "tainted": false
                    },
                    "deposed": [],
                    "provider": ""
                },
                "data.aws_iam_policy_document.consul": {
                    "type": "aws_iam_policy_document",
                    "depends_on": [],
                    "primary": {
                        "id": "3432132270",
                        "attributes": {
                            "id": "3432132270",
                            "json": "{\n  \"Version\": \"2012-10-17\",\n  \"Statement\": [\n    {\n      \"Sid\": \"AllowSelfAssembly\",\n      \"Effect\": \"Allow\",\n      \"Action\": [\n        \"ec2:DescribeTags\",\n        \"ec2:DescribeInstances\",\n        \"ec2:DescribeInstanceStatus\",\n        \"ec2:DescribeInstanceAttribute\",\n        \"ec2:DescribeAvailabilityZones\",\n        \"autoscaling:DescribeAutoScalingInstances\",\n        \"autoscaling:DescribeAutoScalingGroups\"\n      ],\n      \"Resource\": \"*\"\n    }\n  ]\n}",
                            "statement.#": "1",
                            "statement.0.actions.#": "7",
                            "statement.0.actions.1274732150": "autoscaling:DescribeAutoScalingGroups",
                            "statement.0.actions.2448883636": "autoscaling:DescribeAutoScalingInstances",
                            "statement.0.actions.257703322": "ec2:DescribeInstanceAttribute",
                            "statement.0.actions.3466923763": "ec2:DescribeInstances",
                            "statement.0.actions.681815053": "ec2:DescribeAvailabilityZones",
                            "statement.0.actions.810672830": "ec2:DescribeTags",
                            "statement.0.actions.893144657": "ec2:DescribeInstanceStatus",
                            "statement.0.condition.#": "0",
                            "statement.0.effect": "Allow",
                            "statement.0.not_actions.#": "0",
                            "statement.0.not_principals.#": "0",
                            "statement.0.not_resources.#": "0",
                            "statement.0.principals.#": "0",
                            "statement.0.resources.#": "1",
                            "statement.0.resources.2679715827": "*",
                            "statement.0.sid": "AllowSelfAssembly"
                        },
                        "meta": {},
                        "tainted": false
                    },
                    "deposed": [],
                    "provider": ""
                }
            },
            "depends_on": []
        }
    ]
}
